
Microsoft Visual Studio Solution File, Format Version 12.00
# Visual Studio 14
VisualStudioVersion = 14.0.24720.0
MinimumVisualStudioVersion = 10.0.40219.1
Project("{2150E333-8FDC-42A3-9474-1A3956D46DE8}") = "Solution Items", "Solution Items", "{0FDBF8E1-2330-46CB-9039-395A06AE2FEB}"
	ProjectSection(SolutionItems) = preProject
		Readme.txt = Readme.txt
		vs-chromium-project.txt = vs-chromium-project.txt
	EndProjectSection
EndProject
Project("{FAE04EC0-301F-11D3-BF4B-00C04F79EFBC}") = "MemoryExplorer", "MemoryExplorer\MemoryExplorer.csproj", "{CC35C83A-CF53-47A4-A3F6-7D1A98FA8885}"
EndProject
Project("{8BC9CEB8-8B4A-11D0-8D11-00A0C91BC942}") = "DriverLib", "DriverLib\DriverLib.vcxproj", "{DBE0F7F7-4E25-4870-9776-70AA7536E606}"
EndProject
Project("{8BC9CEB8-8B4A-11D0-8D11-00A0C91BC942}") = "DriverTestHarness", "DriverTestHarness\DriverTestHarness.vcxproj", "{37B3AB92-65CA-4666-A411-F5B6A46313C3}"
EndProject
Project("{FAE04EC0-301F-11D3-BF4B-00C04F79EFBC}") = "MemoryExplorerTests", "MemoryExplorerTests\MemoryExplorerTests.csproj", "{24402106-8077-4AFB-9626-4226311180DB}"
EndProject
Global
	GlobalSection(SolutionConfigurationPlatforms) = preSolution
		Debug|Any CPU = Debug|Any CPU
		Debug|x64 = Debug|x64
		Debug|x86 = Debug|x86
		Release|Any CPU = Release|Any CPU
		Release|x64 = Release|x64
		Release|x86 = Release|x86
	EndGlobalSection
	GlobalSection(ProjectConfigurationPlatforms) = postSolution
		{CC35C83A-CF53-47A4-A3F6-7D1A98FA8885}.Debug|Any CPU.ActiveCfg = Debug|x64
		{CC35C83A-CF53-47A4-A3F6-7D1A98FA8885}.Debug|Any CPU.Build.0 = Debug|x64
		{CC35C83A-CF53-47A4-A3F6-7D1A98FA8885}.Debug|x64.ActiveCfg = Debug|x64
		{CC35C83A-CF53-47A4-A3F6-7D1A98FA8885}.Debug|x64.Build.0 = Debug|x64
		{CC35C83A-CF53-47A4-A3F6-7D1A98FA8885}.Debug|x86.ActiveCfg = Debug|Any CPU
		{CC35C83A-CF53-47A4-A3F6-7D1A98FA8885}.Debug|x86.Build.0 = Debug|Any CPU
		{CC35C83A-CF53-47A4-A3F6-7D1A98FA8885}.Release|Any CPU.ActiveCfg = Release|x64
		{CC35C83A-CF53-47A4-A3F6-7D1A98FA8885}.Release|Any CPU.Build.0 = Release|x64
		{CC35C83A-CF53-47A4-A3F6-7D1A98FA8885}.Release|x64.ActiveCfg = Release|x64
		{CC35C83A-CF53-47A4-A3F6-7D1A98FA8885}.Release|x64.Build.0 = Release|x64
		{CC35C83A-CF53-47A4-A3F6-7D1A98FA8885}.Release|x86.ActiveCfg = Release|Any CPU
		{CC35C83A-CF53-47A4-A3F6-7D1A98FA8885}.Release|x86.Build.0 = Release|Any CPU
		{DBE0F7F7-4E25-4870-9776-70AA7536E606}.Debug|Any CPU.ActiveCfg = Debug|x64
		{DBE0F7F7-4E25-4870-9776-70AA7536E606}.Debug|x64.ActiveCfg = Debug|x64
		{DBE0F7F7-4E25-4870-9776-70AA7536E606}.Debug|x86.ActiveCfg = Debug|Win32
		{DBE0F7F7-4E25-4870-9776-70AA7536E606}.Debug|x86.Build.0 = Debug|Win32
		{DBE0F7F7-4E25-4870-9776-70AA7536E606}.Release|Any CPU.ActiveCfg = Release|x64
		{DBE0F7F7-4E25-4870-9776-70AA7536E606}.Release|x64.ActiveCfg = Release|x64
		{DBE0F7F7-4E25-4870-9776-70AA7536E606}.Release|x64.Build.0 = Release|x64
		{DBE0F7F7-4E25-4870-9776-70AA7536E606}.Release|x86.ActiveCfg = Release|Win32
		{DBE0F7F7-4E25-4870-9776-70AA7536E606}.Release|x86.Build.0 = Release|Win32
		{37B3AB92-65CA-4666-A411-F5B6A46313C3}.Debug|Any CPU.ActiveCfg = Debug|Win32
		{37B3AB92-65CA-4666-A411-F5B6A46313C3}.Debug|x64.ActiveCfg = Debug|x64
		{37B3AB92-65CA-4666-A411-F5B6A46313C3}.Debug|x86.ActiveCfg = Debug|Win32
		{37B3AB92-65CA-4666-A411-F5B6A46313C3}.Debug|x86.Build.0 = Debug|Win32
		{37B3AB92-65CA-4666-A411-F5B6A46313C3}.Release|Any CPU.ActiveCfg = Release|Win32
		{37B3AB92-65CA-4666-A411-F5B6A46313C3}.Release|x64.ActiveCfg = Release|x64
		{37B3AB92-65CA-4666-A411-F5B6A46313C3}.Release|x86.ActiveCfg = Release|Win32
		{37B3AB92-65CA-4666-A411-F5B6A46313C3}.Release|x86.Build.0 = Release|Win32
		{24402106-8077-4AFB-9626-4226311180DB}.Debug|Any CPU.ActiveCfg = Debug|Any CPU
		{24402106-8077-4AFB-9626-4226311180DB}.Debug|Any CPU.Build.0 = Debug|Any CPU
		{24402106-8077-4AFB-9626-4226311180DB}.Debug|x64.ActiveCfg = Debug|x64
		{24402106-8077-4AFB-9626-4226311180DB}.Debug|x64.Build.0 = Debug|x64
		{24402106-8077-4AFB-9626-4226311180DB}.Debug|x86.ActiveCfg = Debug|Any CPU
		{24402106-8077-4AFB-9626-4226311180DB}.Debug|x86.Build.0 = Debug|Any CPU
		{24402106-8077-4AFB-9626-4226311180DB}.Release|Any CPU.ActiveCfg = Release|Any CPU
		{24402106-8077-4AFB-9626-4226311180DB}.Release|Any CPU.Build.0 = Release|Any CPU
		{24402106-8077-4AFB-9626-4226311180DB}.Release|x64.ActiveCfg = Release|Any CPU
		{24402106-8077-4AFB-9626-4226311180DB}.Release|x64.Build.0 = Release|Any CPU
		{24402106-8077-4AFB-9626-4226311180DB}.Release|x86.ActiveCfg = Release|Any CPU
		{24402106-8077-4AFB-9626-4226311180DB}.Release|x86.Build.0 = Release|Any CPU
	EndGlobalSection
	GlobalSection(SolutionProperties) = preSolution
		HideSolutionNode = FALSE
	EndGlobalSection
EndGlobal
